{
    "name": "business-profile-render",
    "version": "1.5.0",
    "lockfileVersion": 3,
    "requires": true,
    "packages": {
        "": {
            "name": "business-profile-render",
            "version": "1.5.0",
            "license": "GPL-2.0-or-later",
            "devDependencies": {}
        }
    }
}
